<?xml version="1.0" encoding="utf-8"?>
<Project ToolsVersion="4.0" xmlns="http://schemas.microsoft.com/developer/msbuild/2003">
  <ItemGroup>
    <ClInclude Include="stdafx.h" />
    <ClInclude Include="Editor.h" />
    <ClInclude Include="Widgets\IWidget.h" />
    <ClInclude Include="Widgets\Widget_Menubar.h" />
    <ClInclude Include="Widgets\Widget_Console.h" />
    <ClInclude Include="Widgets\Widget_Scene.h" />
    <ClInclude Include="Widgets\Widget_Project.h" />
    <ClInclude Include="Widgets\Widget_Inspector.h" />
    <ClInclude Include="Widgets\Widget_Hierarchy.h" />
    <ClInclude Include="Widgets\Widget_ProgressBar.h" />
    <ClInclude Include="Helper\Icon_Provider.h" />
    <ClInclude Include="Widgets\Widget_ToolBar.h" />
    <ClInclude Include="Helper\Editor_Helper.h" />
    <ClInclude Include="Helper\DragDropEvent.h" />
    <ClInclude Include="Helper\ColorPicker.h" />
    <ClInclude Include="ImGui\Source\imconfig.h" />
    <ClInclude Include="ImGui\Source\imgui.h" />
    <ClInclude Include="ImGui\Source\imgui_internal.h" />
    <ClInclude Include="ImGui\Source\imgui_stdlib.h" />
    <ClInclude Include="ImGui\Source\imstb_rectpack.h" />
    <ClInclude Include="ImGui\Source\imstb_textedit.h" />
    <ClInclude Include="ImGui\Source\imstb_truetype.h" />
    <ClInclude Include="ImGui\imgui_impl_dx11.h" />
    <ClInclude Include="ImGui\imgui_impl_win32.h" />
    <ClInclude Include="ImGui\ImGuizmo.h" />
    <ClInclude Include="ImGui\TextEditor.h" />
    <ClInclude Include="Helper\FileDialog.h" />
    <ClInclude Include="Helper\ScriptEditor.h" />
  </ItemGroup>
  <ItemGroup>
    <ClCompile Include="stdafx.cpp" />
    <ClCompile Include="Program.cpp" />
    <ClCompile Include="Editor.cpp" />
    <ClCompile Include="Widgets\Widget_Menubar.cpp" />
    <ClCompile Include="Widgets\Widget_Console.cpp" />
    <ClCompile Include="Widgets\Widget_Scene.cpp" />
    <ClCompile Include="Widgets\Widget_Project.cpp" />
    <ClCompile Include="Widgets\Widget_Inspector.cpp" />
    <ClCompile Include="Widgets\Widget_Hierarchy.cpp" />
    <ClCompile Include="Widgets\Widget_ProgressBar.cpp" />
    <ClCompile Include="Helper\Icon_Provider.cpp" />
    <ClCompile Include="Widgets\Widget_ToolBar.cpp" />
    <ClCompile Include="Helper\Editor_Helper.cpp" />
    <ClCompile Include="Helper\ColorPicker.cpp" />
    <ClCompile Include="ImGui\Source\imgui.cpp" />
    <ClCompile Include="ImGui\Source\imgui_demo.cpp" />
    <ClCompile Include="ImGui\Source\imgui_draw.cpp" />
    <ClCompile Include="ImGui\Source\imgui_stdlib.cpp" />
    <ClCompile Include="ImGui\Source\imgui_widgets.cpp" />
    <ClCompile Include="ImGui\imgui_impl_dx11.cpp" />
    <ClCompile Include="ImGui\imgui_impl_win32.cpp" />
    <ClCompile Include="ImGui\ImGuizmo.cpp" />
    <ClCompile Include="ImGui\TextEditor.cpp" />
    <ClCompile Include="Helper\FileDialog.cpp" />
    <ClCompile Include="Helper\ScriptEditor.cpp" />
  </ItemGroup>
</Project>